
Microsoft Visual Studio Solution File, Format Version 12.00
# Visual Studio 15
VisualStudioVersion = 15.0.28307.757
MinimumVisualStudioVersion = 10.0.40219.1
Project("{FAE04EC0-301F-11D3-BF4B-00C04F79EFBC}") = "WinCheckRegex", "WinCheckRegex\WinCheckRegex.csproj", "{73FA3779-0E07-4016-AB9F-5AA2338E4CB1}"
EndProject
Global
	GlobalSection(SolutionConfigurationPlatforms) = preSolution
		Debug|Any CPU = Debug|Any CPU
		Release|Any CPU = Release|Any CPU
	EndGlobalSection
	GlobalSection(ProjectConfigurationPlatforms) = postSolution
		{73FA3779-0E07-4016-AB9F-5AA2338E4CB1}.Debug|Any CPU.ActiveCfg = Debug|Any CPU
		{73FA3779-0E07-4016-AB9F-5AA2338E4CB1}.Debug|Any CPU.Build.0 = Debug|Any CPU
		{73FA3779-0E07-4016-AB9F-5AA2338E4CB1}.Release|Any CPU.ActiveCfg = Release|Any CPU
		{73FA3779-0E07-4016-AB9F-5AA2338E4CB1}.Release|Any CPU.Build.0 = Release|Any CPU
	EndGlobalSection
	GlobalSection(SolutionProperties) = preSolution
		HideSolutionNode = FALSE
	EndGlobalSection
	GlobalSection(ExtensibilityGlobals) = postSolution
		SolutionGuid = {56544DFC-821F-4981-989B-83053CA880D7}
	EndGlobalSection
EndGlobal
